
Microsoft Visual Studio Solution File, Format Version 12.00
# Visual Studio 15
VisualStudioVersion = 15.0.26730.16
MinimumVisualStudioVersion = 10.0.40219.1
Project("{9A19103F-16F7-4668-BE54-9A1E7A4F7556}") = "UserManagement.Service", "UserManagement.Service\UserManagement.Service.csproj", "{5615D993-AA86-483E-B0C0-0F66808B0264}"
EndProject
Project("{9A19103F-16F7-4668-BE54-9A1E7A4F7556}") = "UserManagement.Storage", "UserManagement.Storage\UserManagement.Storage.csproj", "{60CC7CEA-37BC-4783-A057-C23223099003}"
EndProject
Global
	GlobalSection(SolutionConfigurationPlatforms) = preSolution
		Debug|Any CPU = Debug|Any CPU
		Release|Any CPU = Release|Any CPU
	EndGlobalSection
	GlobalSection(ProjectConfigurationPlatforms) = postSolution
		{5615D993-AA86-483E-B0C0-0F66808B0264}.Debug|Any CPU.ActiveCfg = Debug|Any CPU
		{5615D993-AA86-483E-B0C0-0F66808B0264}.Debug|Any CPU.Build.0 = Debug|Any CPU
		{5615D993-AA86-483E-B0C0-0F66808B0264}.Release|Any CPU.ActiveCfg = Release|Any CPU
		{5615D993-AA86-483E-B0C0-0F66808B0264}.Release|Any CPU.Build.0 = Release|Any CPU
		{60CC7CEA-37BC-4783-A057-C23223099003}.Debug|Any CPU.ActiveCfg = Debug|Any CPU
		{60CC7CEA-37BC-4783-A057-C23223099003}.Debug|Any CPU.Build.0 = Debug|Any CPU
		{60CC7CEA-37BC-4783-A057-C23223099003}.Release|Any CPU.ActiveCfg = Release|Any CPU
		{60CC7CEA-37BC-4783-A057-C23223099003}.Release|Any CPU.Build.0 = Release|Any CPU
	EndGlobalSection
	GlobalSection(SolutionProperties) = preSolution
		HideSolutionNode = FALSE
	EndGlobalSection
	GlobalSection(ExtensibilityGlobals) = postSolution
		SolutionGuid = {8158E12E-CB6A-4636-A7B9-39D9FD510187}
	EndGlobalSection
EndGlobal
